
Microsoft Visual Studio Solution File, Format Version 12.00
# Visual Studio Version 16
VisualStudioVersion = 16.0.30907.101
MinimumVisualStudioVersion = 10.0.40219.1
Project("{FAE04EC0-301F-11D3-BF4B-00C04F79EFBC}") = "MarketingApp.Model", "MarketingApp.Model\MarketingApp.Model.csproj", "{AC53111D-A4D2-428B-92F5-BB67F34A16BB}"
EndProject
Project("{FAE04EC0-301F-11D3-BF4B-00C04F79EFBC}") = "MarketingApp.repo", "MarketingApp.repo\MarketingApp.repo.csproj", "{C3A90CE7-3996-4034-9C3B-15B643A44E7C}"
EndProject
Global
	GlobalSection(SolutionConfigurationPlatforms) = preSolution
		Debug|Any CPU = Debug|Any CPU
		Release|Any CPU = Release|Any CPU
	EndGlobalSection
	GlobalSection(ProjectConfigurationPlatforms) = postSolution
		{AC53111D-A4D2-428B-92F5-BB67F34A16BB}.Debug|Any CPU.ActiveCfg = Debug|Any CPU
		{AC53111D-A4D2-428B-92F5-BB67F34A16BB}.Debug|Any CPU.Build.0 = Debug|Any CPU
		{AC53111D-A4D2-428B-92F5-BB67F34A16BB}.Release|Any CPU.ActiveCfg = Release|Any CPU
		{AC53111D-A4D2-428B-92F5-BB67F34A16BB}.Release|Any CPU.Build.0 = Release|Any CPU
		{C3A90CE7-3996-4034-9C3B-15B643A44E7C}.Debug|Any CPU.ActiveCfg = Debug|Any CPU
		{C3A90CE7-3996-4034-9C3B-15B643A44E7C}.Debug|Any CPU.Build.0 = Debug|Any CPU
		{C3A90CE7-3996-4034-9C3B-15B643A44E7C}.Release|Any CPU.ActiveCfg = Release|Any CPU
		{C3A90CE7-3996-4034-9C3B-15B643A44E7C}.Release|Any CPU.Build.0 = Release|Any CPU
	EndGlobalSection
	GlobalSection(SolutionProperties) = preSolution
		HideSolutionNode = FALSE
	EndGlobalSection
	GlobalSection(ExtensibilityGlobals) = postSolution
		SolutionGuid = {A24CB1FF-DF7C-4CCC-82B3-FF40ACC72992}
	EndGlobalSection
EndGlobal
